
Microsoft Visual Studio Solution File, Format Version 12.00
# Visual Studio 15
VisualStudioVersion = 15.0.27130.2036
MinimumVisualStudioVersion = 10.0.40219.1
Project("{FAE04EC0-301F-11D3-BF4B-00C04F79EFBC}") = "OLLLibrarySystem.WebUI", "OLLLibrarySystem\OLLLibrarySystem.WebUI.csproj", "{ACA46DCD-BF04-4620-8828-C0559F093B70}"
	ProjectSection(ProjectDependencies) = postProject
		{B31C5BA2-35D8-4CC6-992A-E47717208079} = {B31C5BA2-35D8-4CC6-992A-E47717208079}
	EndProjectSection
EndProject
Project("{FAE04EC0-301F-11D3-BF4B-00C04F79EFBC}") = "OLLLibrarySystem.UnitTests", "OLLLibrarySystem.UnitTests\OLLLibrarySystem.UnitTests.csproj", "{2CB736A1-4FA4-4261-848A-752388BC10EC}"
	ProjectSection(ProjectDependencies) = postProject
		{B31C5BA2-35D8-4CC6-992A-E47717208079} = {B31C5BA2-35D8-4CC6-992A-E47717208079}
	EndProjectSection
EndProject
Project("{FAE04EC0-301F-11D3-BF4B-00C04F79EFBC}") = "OLLLibrarySystem.Domain", "OLLLibrarySystem.Domain\OLLLibrarySystem.Domain.csproj", "{B31C5BA2-35D8-4CC6-992A-E47717208079}"
EndProject
Global
	GlobalSection(SolutionConfigurationPlatforms) = preSolution
		Debug|Any CPU = Debug|Any CPU
		Release|Any CPU = Release|Any CPU
	EndGlobalSection
	GlobalSection(ProjectConfigurationPlatforms) = postSolution
		{ACA46DCD-BF04-4620-8828-C0559F093B70}.Debug|Any CPU.ActiveCfg = Debug|Any CPU
		{ACA46DCD-BF04-4620-8828-C0559F093B70}.Debug|Any CPU.Build.0 = Debug|Any CPU
		{ACA46DCD-BF04-4620-8828-C0559F093B70}.Release|Any CPU.ActiveCfg = Release|Any CPU
		{ACA46DCD-BF04-4620-8828-C0559F093B70}.Release|Any CPU.Build.0 = Release|Any CPU
		{2CB736A1-4FA4-4261-848A-752388BC10EC}.Debug|Any CPU.ActiveCfg = Debug|Any CPU
		{2CB736A1-4FA4-4261-848A-752388BC10EC}.Debug|Any CPU.Build.0 = Debug|Any CPU
		{2CB736A1-4FA4-4261-848A-752388BC10EC}.Release|Any CPU.ActiveCfg = Release|Any CPU
		{2CB736A1-4FA4-4261-848A-752388BC10EC}.Release|Any CPU.Build.0 = Release|Any CPU
		{B31C5BA2-35D8-4CC6-992A-E47717208079}.Debug|Any CPU.ActiveCfg = Debug|Any CPU
		{B31C5BA2-35D8-4CC6-992A-E47717208079}.Debug|Any CPU.Build.0 = Debug|Any CPU
		{B31C5BA2-35D8-4CC6-992A-E47717208079}.Release|Any CPU.ActiveCfg = Release|Any CPU
		{B31C5BA2-35D8-4CC6-992A-E47717208079}.Release|Any CPU.Build.0 = Release|Any CPU
	EndGlobalSection
	GlobalSection(SolutionProperties) = preSolution
		HideSolutionNode = FALSE
	EndGlobalSection
	GlobalSection(ExtensibilityGlobals) = postSolution
		SolutionGuid = {B334161F-1AD4-46F3-BF3D-8BACD35BF3EC}
	EndGlobalSection
EndGlobal
